
Microsoft Visual Studio Solution File, Format Version 12.00
# Visual Studio 15
VisualStudioVersion = 15.0.28010.2003
MinimumVisualStudioVersion = 10.0.40219.1
Project("{FAE04EC0-301F-11D3-BF4B-00C04F79EFBC}") = "Exercicio 4", "Exercicio 4\Exercicio 4.csproj", "{0C6F8303-88D2-420B-8946-732507FEA998}"
EndProject
Global
	GlobalSection(SolutionConfigurationPlatforms) = preSolution
		Debug|Any CPU = Debug|Any CPU
		Release|Any CPU = Release|Any CPU
	EndGlobalSection
	GlobalSection(ProjectConfigurationPlatforms) = postSolution
		{0C6F8303-88D2-420B-8946-732507FEA998}.Debug|Any CPU.ActiveCfg = Debug|Any CPU
		{0C6F8303-88D2-420B-8946-732507FEA998}.Debug|Any CPU.Build.0 = Debug|Any CPU
		{0C6F8303-88D2-420B-8946-732507FEA998}.Release|Any CPU.ActiveCfg = Release|Any CPU
		{0C6F8303-88D2-420B-8946-732507FEA998}.Release|Any CPU.Build.0 = Release|Any CPU
	EndGlobalSection
	GlobalSection(SolutionProperties) = preSolution
		HideSolutionNode = FALSE
	EndGlobalSection
	GlobalSection(ExtensibilityGlobals) = postSolution
		SolutionGuid = {EDD35F2B-4A1C-47F8-AA04-A1104577D98E}
	EndGlobalSection
EndGlobal
