
Microsoft Visual Studio Solution File, Format Version 12.00
# Visual Studio 15
VisualStudioVersion = 15.0.28010.2003
MinimumVisualStudioVersion = 10.0.40219.1
Project("{FAE04EC0-301F-11D3-BF4B-00C04F79EFBC}") = "Exericio 1", "Exericio 1\Exericio 1.csproj", "{C3A48F77-9972-403B-B9E2-48E7B35FF703}"
EndProject
Global
	GlobalSection(SolutionConfigurationPlatforms) = preSolution
		Debug|Any CPU = Debug|Any CPU
		Release|Any CPU = Release|Any CPU
	EndGlobalSection
	GlobalSection(ProjectConfigurationPlatforms) = postSolution
		{C3A48F77-9972-403B-B9E2-48E7B35FF703}.Debug|Any CPU.ActiveCfg = Debug|Any CPU
		{C3A48F77-9972-403B-B9E2-48E7B35FF703}.Debug|Any CPU.Build.0 = Debug|Any CPU
		{C3A48F77-9972-403B-B9E2-48E7B35FF703}.Release|Any CPU.ActiveCfg = Release|Any CPU
		{C3A48F77-9972-403B-B9E2-48E7B35FF703}.Release|Any CPU.Build.0 = Release|Any CPU
	EndGlobalSection
	GlobalSection(SolutionProperties) = preSolution
		HideSolutionNode = FALSE
	EndGlobalSection
	GlobalSection(ExtensibilityGlobals) = postSolution
		SolutionGuid = {CB7514E2-27D6-44D4-A915-41B765D0DC01}
	EndGlobalSection
EndGlobal
