
Microsoft Visual Studio Solution File, Format Version 12.00
# Visual Studio 15
VisualStudioVersion = 15.0.28010.2003
MinimumVisualStudioVersion = 10.0.40219.1
Project("{FAE04EC0-301F-11D3-BF4B-00C04F79EFBC}") = "Exercicio", "Exercicio\Exercicio.csproj", "{FBBCBE88-37C6-4B9D-B8E5-95CA9FA8E047}"
EndProject
Global
	GlobalSection(SolutionConfigurationPlatforms) = preSolution
		Debug|Any CPU = Debug|Any CPU
		Release|Any CPU = Release|Any CPU
	EndGlobalSection
	GlobalSection(ProjectConfigurationPlatforms) = postSolution
		{FBBCBE88-37C6-4B9D-B8E5-95CA9FA8E047}.Debug|Any CPU.ActiveCfg = Debug|Any CPU
		{FBBCBE88-37C6-4B9D-B8E5-95CA9FA8E047}.Debug|Any CPU.Build.0 = Debug|Any CPU
		{FBBCBE88-37C6-4B9D-B8E5-95CA9FA8E047}.Release|Any CPU.ActiveCfg = Release|Any CPU
		{FBBCBE88-37C6-4B9D-B8E5-95CA9FA8E047}.Release|Any CPU.Build.0 = Release|Any CPU
	EndGlobalSection
	GlobalSection(SolutionProperties) = preSolution
		HideSolutionNode = FALSE
	EndGlobalSection
	GlobalSection(ExtensibilityGlobals) = postSolution
		SolutionGuid = {AAF8917D-56EF-48CB-90EA-7C437FD6B51A}
	EndGlobalSection
EndGlobal
